// !$*UTF8*$!
{
	archiveVersion = 1;
	classes = {
	};
	objectVersion = 46;
	objects = {

/* Begin PBXBuildFile section */
		3A27F7FC1B226E2700168812 /* NetworkModelDownloader.m in Sources */ = {isa = PBXBuildFile; fileRef = 3A27F7FB1B226E2700168812 /* NetworkModelDownloader.m */; };
		3A27F7FD1B22740000168812 /* NetworkModelDownloader.m in Sources */ = {isa = PBXBuildFile; fileRef = 3A27F7FB1B226E2700168812 /* NetworkModelDownloader.m */; };
		3A2D5D2C1B218CC600B9E7B7 /* main.m in Sources */ = {isa = PBXBuildFile; fileRef = 3A2D5D2B1B218CC600B9E7B7 /* main.m */; };
		3A2D5D2F1B218CC600B9E7B7 /* AppDelegate.m in Sources */ = {isa = PBXBuildFile; fileRef = 3A2D5D2E1B218CC600B9E7B7 /* AppDelegate.m */; };
		3A2D5D381B218CC600B9E7B7 /* Main.storyboard in Resources */ = {isa = PBXBuildFile; fileRef = 3A2D5D361B218CC600B9E7B7 /* Main.storyboard */; };
		3A2D5D3A1B218CC600B9E7B7 /* Images.xcassets in Resources */ = {isa = PBXBuildFile; fileRef = 3A2D5D391B218CC600B9E7B7 /* Images.xcassets */; };
		3A2D5D3D1B218CC600B9E7B7 /* LaunchScreen.xib in Resources */ = {isa = PBXBuildFile; fileRef = 3A2D5D3B1B218CC600B9E7B7 /* LaunchScreen.xib */; };
		3A2D5D491B218CC600B9E7B7 /* ShowTimeTests.m in Sources */ = {isa = PBXBuildFile; fileRef = 3A2D5D481B218CC600B9E7B7 /* ShowTimeTests.m */; };
		3A2D5D561B21901500B9E7B7 /* ShowTimeTableViewController.m in Sources */ = {isa = PBXBuildFile; fileRef = 3A2D5D551B21901500B9E7B7 /* ShowTimeTableViewController.m */; };
		3AB60DAE1B21C45F00BA45A3 /* ConstantCollection.m in Sources */ = {isa = PBXBuildFile; fileRef = 3AB60DAD1B21C45F00BA45A3 /* ConstantCollection.m */; };
/* End PBXBuildFile section */

/* Begin PBXContainerItemProxy section */
		3A2D5D431B218CC600B9E7B7 /* PBXContainerItemProxy */ = {
			isa = PBXContainerItemProxy;
			containerPortal = 3A2D5D1E1B218CC600B9E7B7 /* Project object */;
			proxyType = 1;
			remoteGlobalIDString = 3A2D5D251B218CC600B9E7B7;
			remoteInfo = ShowTime;
		};
/* End PBXContainerItemProxy section */

/* Begin PBXFileReference section */
		3A27F7FA1B226E2700168812 /* NetworkModelDownloader.h */ = {isa = PBXFileReference; fileEncoding = 4; lastKnownFileType = sourcecode.c.h; path = NetworkModelDownloader.h; sourceTree = "<group>"; };
		3A27F7FB1B226E2700168812 /* NetworkModelDownloader.m */ = {isa = PBXFileReference; fileEncoding = 4; lastKnownFileType = sourcecode.c.objc; path = NetworkModelDownloader.m; sourceTree = "<group>"; };
		3A2D5D261B218CC600B9E7B7 /* ShowTime.app */ = {isa = PBXFileReference; explicitFileType = wrapper.application; includeInIndex = 0; path = ShowTime.app; sourceTree = BUILT_PRODUCTS_DIR; };
		3A2D5D2A1B218CC600B9E7B7 /* Info.plist */ = {isa = PBXFileReference; lastKnownFileType = text.plist.xml; path = Info.plist; sourceTree = "<group>"; };
		3A2D5D2B1B218CC600B9E7B7 /* main.m */ = {isa = PBXFileReference; lastKnownFileType = sourcecode.c.objc; path = main.m; sourceTree = "<group>"; };
		3A2D5D2D1B218CC600B9E7B7 /* AppDelegate.h */ = {isa = PBXFileReference; lastKnownFileType = sourcecode.c.h; path = AppDelegate.h; sourceTree = "<group>"; };
		3A2D5D2E1B218CC600B9E7B7 /* AppDelegate.m */ = {isa = PBXFileReference; lastKnownFileType = sourcecode.c.objc; path = AppDelegate.m; sourceTree = "<group>"; };
		3A2D5D371B218CC600B9E7B7 /* Base */ = {isa = PBXFileReference; lastKnownFileType = file.storyboard; name = Base; path = Base.lproj/Main.storyboard; sourceTree = "<group>"; };
		3A2D5D391B218CC600B9E7B7 /* Images.xcassets */ = {isa = PBXFileReference; lastKnownFileType = folder.assetcatalog; path = Images.xcassets; sourceTree = "<group>"; };
		3A2D5D3C1B218CC600B9E7B7 /* Base */ = {isa = PBXFileReference; lastKnownFileType = file.xib; name = Base; path = Base.lproj/LaunchScreen.xib; sourceTree = "<group>"; };
		3A2D5D421B218CC600B9E7B7 /* ShowTimeTests.xctest */ = {isa = PBXFileReference; explicitFileType = wrapper.cfbundle; includeInIndex = 0; path = ShowTimeTests.xctest; sourceTree = BUILT_PRODUCTS_DIR; };
		3A2D5D471B218CC600B9E7B7 /* Info.plist */ = {isa = PBXFileReference; lastKnownFileType = text.plist.xml; path = Info.plist; sourceTree = "<group>"; };
		3A2D5D481B218CC600B9E7B7 /* ShowTimeTests.m */ = {isa = PBXFileReference; lastKnownFileType = sourcecode.c.objc; path = ShowTimeTests.m; sourceTree = "<group>"; };
		3A2D5D541B21901500B9E7B7 /* ShowTimeTableViewController.h */ = {isa = PBXFileReference; fileEncoding = 4; lastKnownFileType = sourcecode.c.h; path = ShowTimeTableViewController.h; sourceTree = "<group>"; };
		3A2D5D551B21901500B9E7B7 /* ShowTimeTableViewController.m */ = {isa = PBXFileReference; fileEncoding = 4; lastKnownFileType = sourcecode.c.objc; path = ShowTimeTableViewController.m; sourceTree = "<group>"; };
		3AB60DAC1B21C45F00BA45A3 /* ConstantCollection.h */ = {isa = PBXFileReference; fileEncoding = 4; lastKnownFileType = sourcecode.c.h; path = ConstantCollection.h; sourceTree = "<group>"; };
		3AB60DAD1B21C45F00BA45A3 /* ConstantCollection.m */ = {isa = PBXFileReference; fileEncoding = 4; lastKnownFileType = sourcecode.c.objc; path = ConstantCollection.m; sourceTree = "<group>"; };
/* End PBXFileReference section */

/* Begin PBXFrameworksBuildPhase section */
		3A2D5D231B218CC600B9E7B7 /* Frameworks */ = {
			isa = PBXFrameworksBuildPhase;
			buildActionMask = 2147483647;
			files = (
			);
			runOnlyForDeploymentPostprocessing = 0;
		};
		3A2D5D3F1B218CC600B9E7B7 /* Frameworks */ = {
			isa = PBXFrameworksBuildPhase;
			buildActionMask = 2147483647;
			files = (
			);
			runOnlyForDeploymentPostprocessing = 0;
		};
/* End PBXFrameworksBuildPhase section */

/* Begin PBXGroup section */
		3A2D5D1D1B218CC600B9E7B7 = {
			isa = PBXGroup;
			children = (
				3A2D5D281B218CC600B9E7B7 /* ShowTime */,
				3A2D5D451B218CC600B9E7B7 /* ShowTimeTests */,
				3A2D5D271B218CC600B9E7B7 /* Products */,
			);
			sourceTree = "<group>";
		};
		3A2D5D271B218CC600B9E7B7 /* Products */ = {
			isa = PBXGroup;
			children = (
				3A2D5D261B218CC600B9E7B7 /* ShowTime.app */,
				3A2D5D421B218CC600B9E7B7 /* ShowTimeTests.xctest */,
			);
			name = Products;
			sourceTree = "<group>";
		};
		3A2D5D281B218CC600B9E7B7 /* ShowTime */ = {
			isa = PBXGroup;
			children = (
				3AB60DAB1B21C38E00BA45A3 /* Helper */,
				3AB60DAA1B21C35A00BA45A3 /* Model */,
				3A2D5D531B218E6300B9E7B7 /* Controller */,
				3A2D5D521B218E0F00B9E7B7 /* View */,
				3A2D5D391B218CC600B9E7B7 /* Images.xcassets */,
				3A2D5D291B218CC600B9E7B7 /* Supporting Files */,
			);
			path = ShowTime;
			sourceTree = "<group>";
		};
		3A2D5D291B218CC600B9E7B7 /* Supporting Files */ = {
			isa = PBXGroup;
			children = (
				3A2D5D2A1B218CC600B9E7B7 /* Info.plist */,
				3A2D5D2B1B218CC600B9E7B7 /* main.m */,
			);
			name = "Supporting Files";
			sourceTree = "<group>";
		};
		3A2D5D451B218CC600B9E7B7 /* ShowTimeTests */ = {
			isa = PBXGroup;
			children = (
				3A2D5D481B218CC600B9E7B7 /* ShowTimeTests.m */,
				3A2D5D461B218CC600B9E7B7 /* Supporting Files */,
			);
			path = ShowTimeTests;
			sourceTree = "<group>";
		};
		3A2D5D461B218CC600B9E7B7 /* Supporting Files */ = {
			isa = PBXGroup;
			children = (
				3A2D5D471B218CC600B9E7B7 /* Info.plist */,
			);
			name = "Supporting Files";
			sourceTree = "<group>";
		};
		3A2D5D521B218E0F00B9E7B7 /* View */ = {
			isa = PBXGroup;
			children = (
				3A2D5D361B218CC600B9E7B7 /* Main.storyboard */,
				3A2D5D3B1B218CC600B9E7B7 /* LaunchScreen.xib */,
			);
			name = View;
			sourceTree = "<group>";
		};
		3A2D5D531B218E6300B9E7B7 /* Controller */ = {
			isa = PBXGroup;
			children = (
				3A2D5D541B21901500B9E7B7 /* ShowTimeTableViewController.h */,
				3A2D5D551B21901500B9E7B7 /* ShowTimeTableViewController.m */,
			);
			name = Controller;
			sourceTree = "<group>";
		};
		3AB60DAA1B21C35A00BA45A3 /* Model */ = {
			isa = PBXGroup;
			children = (
			);
			name = Model;
			sourceTree = "<group>";
		};
		3AB60DAB1B21C38E00BA45A3 /* Helper */ = {
			isa = PBXGroup;
			children = (
				3A2D5D2D1B218CC600B9E7B7 /* AppDelegate.h */,
				3A2D5D2E1B218CC600B9E7B7 /* AppDelegate.m */,
				3AB60DAC1B21C45F00BA45A3 /* ConstantCollection.h */,
				3AB60DAD1B21C45F00BA45A3 /* ConstantCollection.m */,
				3A27F7FA1B226E2700168812 /* NetworkModelDownloader.h */,
				3A27F7FB1B226E2700168812 /* NetworkModelDownloader.m */,
			);
			name = Helper;
			sourceTree = "<group>";
		};
/* End PBXGroup section */

/* Begin PBXNativeTarget section */
		3A2D5D251B218CC600B9E7B7 /* ShowTime */ = {
			isa = PBXNativeTarget;
			buildConfigurationList = 3A2D5D4C1B218CC600B9E7B7 /* Build configuration list for PBXNativeTarget "ShowTime" */;
			buildPhases = (
				3A2D5D221B218CC600B9E7B7 /* Sources */,
				3A2D5D231B218CC600B9E7B7 /* Frameworks */,
				3A2D5D241B218CC600B9E7B7 /* Resources */,
			);
			buildRules = (
			);
			dependencies = (
			);
			name = ShowTime;
			productName = ShowTime;
			productReference = 3A2D5D261B218CC600B9E7B7 /* ShowTime.app */;
			productType = "com.apple.product-type.application";
		};
		3A2D5D411B218CC600B9E7B7 /* ShowTimeTests */ = {
			isa = PBXNativeTarget;
			buildConfigurationList = 3A2D5D4F1B218CC600B9E7B7 /* Build configuration list for PBXNativeTarget "ShowTimeTests" */;
			buildPhases = (
				3A2D5D3E1B218CC600B9E7B7 /* Sources */,
				3A2D5D3F1B218CC600B9E7B7 /* Frameworks */,
				3A2D5D401B218CC600B9E7B7 /* Resources */,
			);
			buildRules = (
			);
			dependencies = (
				3A2D5D441B218CC600B9E7B7 /* PBXTargetDependency */,
			);
			name = ShowTimeTests;
			productName = ShowTimeTests;
			productReference = 3A2D5D421B218CC600B9E7B7 /* ShowTimeTests.xctest */;
			productType = "com.apple.product-type.bundle.unit-test";
		};
/* End PBXNativeTarget section */

/* Begin PBXProject section */
		3A2D5D1E1B218CC600B9E7B7 /* Project object */ = {
			isa = PBXProject;
			attributes = {
				LastUpgradeCheck = 0630;
				ORGANIZATIONNAME = "Asfanur Arafin";
				TargetAttributes = {
					3A2D5D251B218CC600B9E7B7 = {
						CreatedOnToolsVersion = 6.3.2;
					};
					3A2D5D411B218CC600B9E7B7 = {
						CreatedOnToolsVersion = 6.3.2;
						TestTargetID = 3A2D5D251B218CC600B9E7B7;
					};
				};
			};
			buildConfigurationList = 3A2D5D211B218CC600B9E7B7 /* Build configuration list for PBXProject "ShowTime" */;
			compatibilityVersion = "Xcode 3.2";
			developmentRegion = English;
			hasScannedForEncodings = 0;
			knownRegions = (
				en,
				Base,
			);
			mainGroup = 3A2D5D1D1B218CC600B9E7B7;
			productRefGroup = 3A2D5D271B218CC600B9E7B7 /* Products */;
			projectDirPath = "";
			projectRoot = "";
			targets = (
				3A2D5D251B218CC600B9E7B7 /* ShowTime */,
				3A2D5D411B218CC600B9E7B7 /* ShowTimeTests */,
			);
		};
/* End PBXProject section */

/* Begin PBXResourcesBuildPhase section */
		3A2D5D241B218CC600B9E7B7 /* Resources */ = {
			isa = PBXResourcesBuildPhase;
			buildActionMask = 2147483647;
			files = (
				3A2D5D381B218CC600B9E7B7 /* Main.storyboard in Resources */,
				3A2D5D3D1B218CC600B9E7B7 /* LaunchScreen.xib in Resources */,
				3A2D5D3A1B218CC600B9E7B7 /* Images.xcassets in Resources */,
			);
			runOnlyForDeploymentPostprocessing = 0;
		};
		3A2D5D401B218CC600B9E7B7 /* Resources */ = {
			isa = PBXResourcesBuildPhase;
			buildActionMask = 2147483647;
			files = (
			);
			runOnlyForDeploymentPostprocessing = 0;
		};
/* End PBXResourcesBuildPhase section */

/* Begin PBXSourcesBuildPhase section */
		3A2D5D221B218CC600B9E7B7 /* Sources */ = {
			isa = PBXSourcesBuildPhase;
			buildActionMask = 2147483647;
			files = (
				3A2D5D2F1B218CC600B9E7B7 /* AppDelegate.m in Sources */,
				3A2D5D2C1B218CC600B9E7B7 /* main.m in Sources */,
				3A2D5D561B21901500B9E7B7 /* ShowTimeTableViewController.m in Sources */,
				3A27F7FC1B226E2700168812 /* NetworkModelDownloader.m in Sources */,
				3AB60DAE1B21C45F00BA45A3 /* ConstantCollection.m in Sources */,
			);
			runOnlyForDeploymentPostprocessing = 0;
		};
		3A2D5D3E1B218CC600B9E7B7 /* Sources */ = {
			isa = PBXSourcesBuildPhase;
			buildActionMask = 2147483647;
			files = (
				3A2D5D491B218CC600B9E7B7 /* ShowTimeTests.m in Sources */,
				3A27F7FD1B22740000168812 /* NetworkModelDownloader.m in Sources */,
			);
			runOnlyForDeploymentPostprocessing = 0;
		};
/* End PBXSourcesBuildPhase section */

/* Begin PBXTargetDependency section */
		3A2D5D441B218CC600B9E7B7 /* PBXTargetDependency */ = {
			isa = PBXTargetDependency;
			target = 3A2D5D251B218CC600B9E7B7 /* ShowTime */;
			targetProxy = 3A2D5D431B218CC600B9E7B7 /* PBXContainerItemProxy */;
		};
/* End PBXTargetDependency section */

/* Begin PBXVariantGroup section */
		3A2D5D361B218CC600B9E7B7 /* Main.storyboard */ = {
			isa = PBXVariantGroup;
			children = (
				3A2D5D371B218CC600B9E7B7 /* Base */,
			);
			name = Main.storyboard;
			sourceTree = "<group>";
		};
		3A2D5D3B1B218CC600B9E7B7 /* LaunchScreen.xib */ = {
			isa = PBXVariantGroup;
			children = (
				3A2D5D3C1B218CC600B9E7B7 /* Base */,
			);
			name = LaunchScreen.xib;
			sourceTree = "<group>";
		};
/* End PBXVariantGroup section */

/* Begin XCBuildConfiguration section */
		3A2D5D4A1B218CC600B9E7B7 /* Debug */ = {
			isa = XCBuildConfiguration;
			buildSettings = {
				ALWAYS_SEARCH_USER_PATHS = NO;
				CLANG_CXX_LANGUAGE_STANDARD = "gnu++0x";
				CLANG_CXX_LIBRARY = "libc++";
				CLANG_ENABLE_MODULES = YES;
				CLANG_ENABLE_OBJC_ARC = YES;
				CLANG_WARN_BOOL_CONVERSION = YES;
				CLANG_WARN_CONSTANT_CONVERSION = YES;
				CLANG_WARN_DIRECT_OBJC_ISA_USAGE = YES_ERROR;
				CLANG_WARN_EMPTY_BODY = YES;
				CLANG_WARN_ENUM_CONVERSION = YES;
				CLANG_WARN_INT_CONVERSION = YES;
				CLANG_WARN_OBJC_ROOT_CLASS = YES_ERROR;
				CLANG_WARN_UNREACHABLE_CODE = YES;
				CLANG_WARN__DUPLICATE_METHOD_MATCH = YES;
				"CODE_SIGN_IDENTITY[sdk=iphoneos*]" = "iPhone Developer";
				COPY_PHASE_STRIP = NO;
				DEBUG_INFORMATION_FORMAT = "dwarf-with-dsym";
				ENABLE_STRICT_OBJC_MSGSEND = YES;
				GCC_C_LANGUAGE_STANDARD = gnu99;
				GCC_DYNAMIC_NO_PIC = NO;
				GCC_NO_COMMON_BLOCKS = YES;
				GCC_OPTIMIZATION_LEVEL = 0;
				GCC_PREPROCESSOR_DEFINITIONS = (
					"DEBUG=1",
					"$(inherited)",
				);
				GCC_SYMBOLS_PRIVATE_EXTERN = NO;
				GCC_WARN_64_TO_32_BIT_CONVERSION = YES;
				GCC_WARN_ABOUT_RETURN_TYPE = YES_ERROR;
				GCC_WARN_UNDECLARED_SELECTOR = YES;
				GCC_WARN_UNINITIALIZED_AUTOS = YES_AGGRESSIVE;
				GCC_WARN_UNUSED_FUNCTION = YES;
				GCC_WARN_UNUSED_VARIABLE = YES;
				IPHONEOS_DEPLOYMENT_TARGET = 8.3;
				MTL_ENABLE_DEBUG_INFO = YES;
				ONLY_ACTIVE_ARCH = YES;
				SDKROOT = iphoneos;
				TARGETED_DEVICE_FAMILY = "1,2";
			};
			name = Debug;
		};
		3A2D5D4B1B218CC600B9E7B7 /* Release */ = {
			isa = XCBuildConfiguration;
			buildSettings = {
				ALWAYS_SEARCH_USER_PATHS = NO;
				CLANG_CXX_LANGUAGE_STANDARD = "gnu++0x";
				CLANG_CXX_LIBRARY = "libc++";
				CLANG_ENABLE_MODULES = YES;
				CLANG_ENABLE_OBJC_ARC = YES;
				CLANG_WARN_BOOL_CONVERSION = YES;
				CLANG_WARN_CONSTANT_CONVERSION = YES;
				CLANG_WARN_DIRECT_OBJC_ISA_USAGE = YES_ERROR;
				CLANG_WARN_EMPTY_BODY = YES;
				CLANG_WARN_ENUM_CONVERSION = YES;
				CLANG_WARN_INT_CONVERSION = YES;
				CLANG_WARN_OBJC_ROOT_CLASS = YES_ERROR;
				CLANG_WARN_UNREACHABLE_CODE = YES;
				CLANG_WARN__DUPLICATE_METHOD_MATCH = YES;
				"CODE_SIGN_IDENTITY[sdk=iphoneos*]" = "iPhone Developer";
				COPY_PHASE_STRIP = NO;
				DEBUG_INFORMATION_FORMAT = "dwarf-with-dsym";
				ENABLE_NS_ASSERTIONS = NO;
				ENABLE_STRICT_OBJC_MSGSEND = YES;
				GCC_C_LANGUAGE_STANDARD = gnu99;
				GCC_NO_COMMON_BLOCKS = YES;
				GCC_WARN_64_TO_32_BIT_CONVERSION = YES;
				GCC_WARN_ABOUT_RETURN_TYPE = YES_ERROR;
				GCC_WARN_UNDECLARED_SELECTOR = YES;
				GCC_WARN_UNINITIALIZED_AUTOS = YES_AGGRESSIVE;
				GCC_WARN_UNUSED_FUNCTION = YES;
				GCC_WARN_UNUSED_VARIABLE = YES;
				IPHONEOS_DEPLOYMENT_TARGET = 8.3;
				MTL_ENABLE_DEBUG_INFO = NO;
				SDKROOT = iphoneos;
				TARGETED_DEVICE_FAMILY = "1,2";
				VALIDATE_PRODUCT = YES;
			};
			name = Release;
		};
		3A2D5D4D1B218CC600B9E7B7 /* Debug */ = {
			isa = XCBuildConfiguration;
			buildSettings = {
				ASSETCATALOG_COMPILER_APPICON_NAME = AppIcon;
				INFOPLIST_FILE = ShowTime/Info.plist;
				LD_RUNPATH_SEARCH_PATHS = "$(inherited) @executable_path/Frameworks";
				PRODUCT_NAME = "$(TARGET_NAME)";
			};
			name = Debug;
		};
		3A2D5D4E1B218CC600B9E7B7 /* Release */ = {
			isa = XCBuildConfiguration;
			buildSettings = {
				ASSETCATALOG_COMPILER_APPICON_NAME = AppIcon;
				INFOPLIST_FILE = ShowTime/Info.plist;
				LD_RUNPATH_SEARCH_PATHS = "$(inherited) @executable_path/Frameworks";
				PRODUCT_NAME = "$(TARGET_NAME)";
			};
			name = Release;
		};
		3A2D5D501B218CC600B9E7B7 /* Debug */ = {
			isa = XCBuildConfiguration;
			buildSettings = {
				BUNDLE_LOADER = "$(TEST_HOST)";
				FRAMEWORK_SEARCH_PATHS = (
					"$(SDKROOT)/Developer/Library/Frameworks",
					"$(inherited)",
				);
				GCC_PREPROCESSOR_DEFINITIONS = (
					"DEBUG=1",
					"$(inherited)",
				);
				INFOPLIST_FILE = ShowTimeTests/Info.plist;
				LD_RUNPATH_SEARCH_PATHS = "$(inherited) @executable_path/Frameworks @loader_path/Frameworks";
				PRODUCT_NAME = "$(TARGET_NAME)";
				TEST_HOST = "$(BUILT_PRODUCTS_DIR)/ShowTime.app/ShowTime";
			};
			name = Debug;
		};
		3A2D5D511B218CC600B9E7B7 /* Release */ = {
			isa = XCBuildConfiguration;
			buildSettings = {
				BUNDLE_LOADER = "$(TEST_HOST)";
				FRAMEWORK_SEARCH_PATHS = (
					"$(SDKROOT)/Developer/Library/Frameworks",
					"$(inherited)",
				);
				INFOPLIST_FILE = ShowTimeTests/Info.plist;
				LD_RUNPATH_SEARCH_PATHS = "$(inherited) @executable_path/Frameworks @loader_path/Frameworks";
				PRODUCT_NAME = "$(TARGET_NAME)";
				TEST_HOST = "$(BUILT_PRODUCTS_DIR)/ShowTime.app/ShowTime";
			};
			name = Release;
		};
/* End XCBuildConfiguration section */

/* Begin XCConfigurationList section */
		3A2D5D211B218CC600B9E7B7 /* Build configuration list for PBXProject "ShowTime" */ = {
			isa = XCConfigurationList;
			buildConfigurations = (
				3A2D5D4A1B218CC600B9E7B7 /* Debug */,
				3A2D5D4B1B218CC600B9E7B7 /* Release */,
			);
			defaultConfigurationIsVisible = 0;
			defaultConfigurationName = Release;
		};
		3A2D5D4C1B218CC600B9E7B7 /* Build configuration list for PBXNativeTarget "ShowTime" */ = {
			isa = XCConfigurationList;
			buildConfigurations = (
				3A2D5D4D1B218CC600B9E7B7 /* Debug */,
				3A2D5D4E1B218CC600B9E7B7 /* Release */,
			);
			defaultConfigurationIsVisible = 0;
			defaultConfigurationName = Release;
		};
		3A2D5D4F1B218CC600B9E7B7 /* Build configuration list for PBXNativeTarget "ShowTimeTests" */ = {
			isa = XCConfigurationList;
			buildConfigurations = (
				3A2D5D501B218CC600B9E7B7 /* Debug */,
				3A2D5D511B218CC600B9E7B7 /* Release */,
			);
			defaultConfigurationIsVisible = 0;
			defaultConfigurationName = Release;
		};
/* End XCConfigurationList section */
	};
	rootObject = 3A2D5D1E1B218CC600B9E7B7 /* Project object */;
}
